// !$*UTF8*$!
{
	archiveVersion = 1;
	classes = {
	};
	objectVersion = 50;
	objects = {

/* Begin PBXBuildFile section */
		2CA7C35C21EC771C002BEA6F /* FlowCoordinator.swift in Sources */ = {isa = PBXBuildFile; fileRef = 2CA7C35B21EC771C002BEA6F /* FlowCoordinator.swift */; };
		2CA7C35E21EC7B1A002BEA6F /* LoadingViewController.swift in Sources */ = {isa = PBXBuildFile; fileRef = 2CA7C35D21EC7B1A002BEA6F /* LoadingViewController.swift */; };
		2CC6C7F121E87D5A00BB3171 /* AppDelegate.swift in Sources */ = {isa = PBXBuildFile; fileRef = 2CC6C7F021E87D5A00BB3171 /* AppDelegate.swift */; };
		2CC6C7F621E87D5A00BB3171 /* Main.storyboard in Resources */ = {isa = PBXBuildFile; fileRef = 2CC6C7F421E87D5A00BB3171 /* Main.storyboard */; };
		2CC6C7F821E87D5C00BB3171 /* Assets.xcassets in Resources */ = {isa = PBXBuildFile; fileRef = 2CC6C7F721E87D5C00BB3171 /* Assets.xcassets */; };
		2CC6C7FB21E87D5C00BB3171 /* LaunchScreen.storyboard in Resources */ = {isa = PBXBuildFile; fileRef = 2CC6C7F921E87D5C00BB3171 /* LaunchScreen.storyboard */; };
		2CC6C80321E87FCC00BB3171 /* ApplicationWindow.swift in Sources */ = {isa = PBXBuildFile; fileRef = 2CC6C80221E87FCC00BB3171 /* ApplicationWindow.swift */; };
		2CC6C80521E885B000BB3171 /* RootViewController.swift in Sources */ = {isa = PBXBuildFile; fileRef = 2CC6C80421E885B000BB3171 /* RootViewController.swift */; };
		2CC6C80721E885F100BB3171 /* FlowControllableDelegate.swift in Sources */ = {isa = PBXBuildFile; fileRef = 2CC6C80621E885F100BB3171 /* FlowControllableDelegate.swift */; };
		2CC6C80921E8864F00BB3171 /* FlowItem.swift in Sources */ = {isa = PBXBuildFile; fileRef = 2CC6C80821E8864F00BB3171 /* FlowItem.swift */; };
		2CC6C80B21E8872300BB3171 /* FlowViewController.swift in Sources */ = {isa = PBXBuildFile; fileRef = 2CC6C80A21E8872300BB3171 /* FlowViewController.swift */; };
		2CC6C80D21E88A4B00BB3171 /* FlowControllable.swift in Sources */ = {isa = PBXBuildFile; fileRef = 2CC6C80C21E88A4B00BB3171 /* FlowControllable.swift */; };
		2CC6C80F21E88A6100BB3171 /* FlowItemType.swift in Sources */ = {isa = PBXBuildFile; fileRef = 2CC6C80E21E88A6100BB3171 /* FlowItemType.swift */; };
		2CC6C81121E88C2E00BB3171 /* UserProfile.swift in Sources */ = {isa = PBXBuildFile; fileRef = 2CC6C81021E88C2E00BB3171 /* UserProfile.swift */; };
		2CC6C81721E89AF700BB3171 /* FlowControllerType.swift in Sources */ = {isa = PBXBuildFile; fileRef = 2CC6C81621E89AF700BB3171 /* FlowControllerType.swift */; };
		2CC6C81A21E8B94E00BB3171 /* BaseFlowViewController.swift in Sources */ = {isa = PBXBuildFile; fileRef = 2CC6C81921E8B94E00BB3171 /* BaseFlowViewController.swift */; };
		2CC6C81C21E8CFA800BB3171 /* UIColor+OnboardingPrototype.swift in Sources */ = {isa = PBXBuildFile; fileRef = 2CC6C81B21E8CFA800BB3171 /* UIColor+OnboardingPrototype.swift */; };
		2CC6C81E21E8D24300BB3171 /* MainViewController.swift in Sources */ = {isa = PBXBuildFile; fileRef = 2CC6C81D21E8D24300BB3171 /* MainViewController.swift */; };
/* End PBXBuildFile section */

/* Begin PBXFileReference section */
		2CA7C35B21EC771C002BEA6F /* FlowCoordinator.swift */ = {isa = PBXFileReference; lastKnownFileType = sourcecode.swift; path = FlowCoordinator.swift; sourceTree = "<group>"; };
		2CA7C35D21EC7B1A002BEA6F /* LoadingViewController.swift */ = {isa = PBXFileReference; lastKnownFileType = sourcecode.swift; path = LoadingViewController.swift; sourceTree = "<group>"; };
		2CC6C7ED21E87D5A00BB3171 /* OnboardingPrototype.app */ = {isa = PBXFileReference; explicitFileType = wrapper.application; includeInIndex = 0; path = OnboardingPrototype.app; sourceTree = BUILT_PRODUCTS_DIR; };
		2CC6C7F021E87D5A00BB3171 /* AppDelegate.swift */ = {isa = PBXFileReference; lastKnownFileType = sourcecode.swift; path = AppDelegate.swift; sourceTree = "<group>"; };
		2CC6C7F521E87D5A00BB3171 /* Base */ = {isa = PBXFileReference; lastKnownFileType = file.storyboard; name = Base; path = Base.lproj/Main.storyboard; sourceTree = "<group>"; };
		2CC6C7F721E87D5C00BB3171 /* Assets.xcassets */ = {isa = PBXFileReference; lastKnownFileType = folder.assetcatalog; path = Assets.xcassets; sourceTree = "<group>"; };
		2CC6C7FA21E87D5C00BB3171 /* Base */ = {isa = PBXFileReference; lastKnownFileType = file.storyboard; name = Base; path = Base.lproj/LaunchScreen.storyboard; sourceTree = "<group>"; };
		2CC6C7FC21E87D5C00BB3171 /* Info.plist */ = {isa = PBXFileReference; lastKnownFileType = text.plist.xml; path = Info.plist; sourceTree = "<group>"; };
		2CC6C80221E87FCC00BB3171 /* ApplicationWindow.swift */ = {isa = PBXFileReference; lastKnownFileType = sourcecode.swift; path = ApplicationWindow.swift; sourceTree = "<group>"; };
		2CC6C80421E885B000BB3171 /* RootViewController.swift */ = {isa = PBXFileReference; lastKnownFileType = sourcecode.swift; path = RootViewController.swift; sourceTree = "<group>"; };
		2CC6C80621E885F100BB3171 /* FlowControllableDelegate.swift */ = {isa = PBXFileReference; lastKnownFileType = sourcecode.swift; path = FlowControllableDelegate.swift; sourceTree = "<group>"; };
		2CC6C80821E8864F00BB3171 /* FlowItem.swift */ = {isa = PBXFileReference; lastKnownFileType = sourcecode.swift; path = FlowItem.swift; sourceTree = "<group>"; };
		2CC6C80A21E8872300BB3171 /* FlowViewController.swift */ = {isa = PBXFileReference; lastKnownFileType = sourcecode.swift; path = FlowViewController.swift; sourceTree = "<group>"; };
		2CC6C80C21E88A4B00BB3171 /* FlowControllable.swift */ = {isa = PBXFileReference; lastKnownFileType = sourcecode.swift; path = FlowControllable.swift; sourceTree = "<group>"; };
		2CC6C80E21E88A6100BB3171 /* FlowItemType.swift */ = {isa = PBXFileReference; lastKnownFileType = sourcecode.swift; path = FlowItemType.swift; sourceTree = "<group>"; };
		2CC6C81021E88C2E00BB3171 /* UserProfile.swift */ = {isa = PBXFileReference; lastKnownFileType = sourcecode.swift; path = UserProfile.swift; sourceTree = "<group>"; };
		2CC6C81621E89AF700BB3171 /* FlowControllerType.swift */ = {isa = PBXFileReference; lastKnownFileType = sourcecode.swift; path = FlowControllerType.swift; sourceTree = "<group>"; };
		2CC6C81921E8B94E00BB3171 /* BaseFlowViewController.swift */ = {isa = PBXFileReference; lastKnownFileType = sourcecode.swift; path = BaseFlowViewController.swift; sourceTree = "<group>"; };
		2CC6C81B21E8CFA800BB3171 /* UIColor+OnboardingPrototype.swift */ = {isa = PBXFileReference; lastKnownFileType = sourcecode.swift; path = "UIColor+OnboardingPrototype.swift"; sourceTree = "<group>"; };
		2CC6C81D21E8D24300BB3171 /* MainViewController.swift */ = {isa = PBXFileReference; lastKnownFileType = sourcecode.swift; path = MainViewController.swift; sourceTree = "<group>"; };
/* End PBXFileReference section */

/* Begin PBXFrameworksBuildPhase section */
		2CC6C7EA21E87D5A00BB3171 /* Frameworks */ = {
			isa = PBXFrameworksBuildPhase;
			buildActionMask = 2147483647;
			files = (
			);
			runOnlyForDeploymentPostprocessing = 0;
		};
/* End PBXFrameworksBuildPhase section */

/* Begin PBXGroup section */
		2CC6C7E421E87D5A00BB3171 = {
			isa = PBXGroup;
			children = (
				2CC6C7EF21E87D5A00BB3171 /* OnboardingPrototype */,
				2CC6C7EE21E87D5A00BB3171 /* Products */,
			);
			sourceTree = "<group>";
		};
		2CC6C7EE21E87D5A00BB3171 /* Products */ = {
			isa = PBXGroup;
			children = (
				2CC6C7ED21E87D5A00BB3171 /* OnboardingPrototype.app */,
			);
			name = Products;
			sourceTree = "<group>";
		};
		2CC6C7EF21E87D5A00BB3171 /* OnboardingPrototype */ = {
			isa = PBXGroup;
			children = (
				2CC6C7F021E87D5A00BB3171 /* AppDelegate.swift */,
				2CC6C80221E87FCC00BB3171 /* ApplicationWindow.swift */,
				2CC6C81D21E8D24300BB3171 /* MainViewController.swift */,
				2CA7C35D21EC7B1A002BEA6F /* LoadingViewController.swift */,
				2CA7C35B21EC771C002BEA6F /* FlowCoordinator.swift */,
				2CC6C7F421E87D5A00BB3171 /* Main.storyboard */,
				2CC6C81221E88E7500BB3171 /* FlowControl */,
				2CC6C81321E8942800BB3171 /* Extensions */,
				2CC6C7F721E87D5C00BB3171 /* Assets.xcassets */,
				2CC6C7F921E87D5C00BB3171 /* LaunchScreen.storyboard */,
				2CC6C7FC21E87D5C00BB3171 /* Info.plist */,
			);
			path = OnboardingPrototype;
			sourceTree = "<group>";
		};
		2CC6C81221E88E7500BB3171 /* FlowControl */ = {
			isa = PBXGroup;
			children = (
				2CC6C81821E8B49400BB3171 /* FlowViewControllers */,
				2CC6C80421E885B000BB3171 /* RootViewController.swift */,
				2CC6C80A21E8872300BB3171 /* FlowViewController.swift */,
				2CC6C80621E885F100BB3171 /* FlowControllableDelegate.swift */,
				2CC6C80821E8864F00BB3171 /* FlowItem.swift */,
				2CC6C80E21E88A6100BB3171 /* FlowItemType.swift */,
				2CC6C80C21E88A4B00BB3171 /* FlowControllable.swift */,
				2CC6C81621E89AF700BB3171 /* FlowControllerType.swift */,
				2CC6C81021E88C2E00BB3171 /* UserProfile.swift */,
			);
			path = FlowControl;
			sourceTree = "<group>";
		};
		2CC6C81321E8942800BB3171 /* Extensions */ = {
			isa = PBXGroup;
			children = (
				2CC6C81B21E8CFA800BB3171 /* UIColor+OnboardingPrototype.swift */,
			);
			path = Extensions;
			sourceTree = "<group>";
		};
		2CC6C81821E8B49400BB3171 /* FlowViewControllers */ = {
			isa = PBXGroup;
			children = (
				2CC6C81921E8B94E00BB3171 /* BaseFlowViewController.swift */,
			);
			path = FlowViewControllers;
			sourceTree = "<group>";
		};
/* End PBXGroup section */

/* Begin PBXNativeTarget section */
		2CC6C7EC21E87D5A00BB3171 /* OnboardingPrototype */ = {
			isa = PBXNativeTarget;
			buildConfigurationList = 2CC6C7FF21E87D5C00BB3171 /* Build configuration list for PBXNativeTarget "OnboardingPrototype" */;
			buildPhases = (
				2CC6C7E921E87D5A00BB3171 /* Sources */,
				2CC6C7EA21E87D5A00BB3171 /* Frameworks */,
				2CC6C7EB21E87D5A00BB3171 /* Resources */,
			);
			buildRules = (
			);
			dependencies = (
			);
			name = OnboardingPrototype;
			productName = OnboardingPrototype;
			productReference = 2CC6C7ED21E87D5A00BB3171 /* OnboardingPrototype.app */;
			productType = "com.apple.product-type.application";
		};
/* End PBXNativeTarget section */

/* Begin PBXProject section */
		2CC6C7E521E87D5A00BB3171 /* Project object */ = {
			isa = PBXProject;
			attributes = {
				LastSwiftUpdateCheck = 1010;
				LastUpgradeCheck = 1010;
				ORGANIZATIONNAME = AG04;
				TargetAttributes = {
					2CC6C7EC21E87D5A00BB3171 = {
						CreatedOnToolsVersion = 10.1;
					};
				};
			};
			buildConfigurationList = 2CC6C7E821E87D5A00BB3171 /* Build configuration list for PBXProject "OnboardingPrototype" */;
			compatibilityVersion = "Xcode 9.3";
			developmentRegion = en;
			hasScannedForEncodings = 0;
			knownRegions = (
				en,
				Base,
			);
			mainGroup = 2CC6C7E421E87D5A00BB3171;
			productRefGroup = 2CC6C7EE21E87D5A00BB3171 /* Products */;
			projectDirPath = "";
			projectRoot = "";
			targets = (
				2CC6C7EC21E87D5A00BB3171 /* OnboardingPrototype */,
			);
		};
/* End PBXProject section */

/* Begin PBXResourcesBuildPhase section */
		2CC6C7EB21E87D5A00BB3171 /* Resources */ = {
			isa = PBXResourcesBuildPhase;
			buildActionMask = 2147483647;
			files = (
				2CC6C7FB21E87D5C00BB3171 /* LaunchScreen.storyboard in Resources */,
				2CC6C7F821E87D5C00BB3171 /* Assets.xcassets in Resources */,
				2CC6C7F621E87D5A00BB3171 /* Main.storyboard in Resources */,
			);
			runOnlyForDeploymentPostprocessing = 0;
		};
/* End PBXResourcesBuildPhase section */

/* Begin PBXSourcesBuildPhase section */
		2CC6C7E921E87D5A00BB3171 /* Sources */ = {
			isa = PBXSourcesBuildPhase;
			buildActionMask = 2147483647;
			files = (
				2CC6C80921E8864F00BB3171 /* FlowItem.swift in Sources */,
				2CC6C81E21E8D24300BB3171 /* MainViewController.swift in Sources */,
				2CA7C35E21EC7B1A002BEA6F /* LoadingViewController.swift in Sources */,
				2CC6C81721E89AF700BB3171 /* FlowControllerType.swift in Sources */,
				2CC6C80F21E88A6100BB3171 /* FlowItemType.swift in Sources */,
				2CC6C81121E88C2E00BB3171 /* UserProfile.swift in Sources */,
				2CC6C80B21E8872300BB3171 /* FlowViewController.swift in Sources */,
				2CC6C80D21E88A4B00BB3171 /* FlowControllable.swift in Sources */,
				2CC6C80721E885F100BB3171 /* FlowControllableDelegate.swift in Sources */,
				2CA7C35C21EC771C002BEA6F /* FlowCoordinator.swift in Sources */,
				2CC6C80321E87FCC00BB3171 /* ApplicationWindow.swift in Sources */,
				2CC6C81A21E8B94E00BB3171 /* BaseFlowViewController.swift in Sources */,
				2CC6C80521E885B000BB3171 /* RootViewController.swift in Sources */,
				2CC6C7F121E87D5A00BB3171 /* AppDelegate.swift in Sources */,
				2CC6C81C21E8CFA800BB3171 /* UIColor+OnboardingPrototype.swift in Sources */,
			);
			runOnlyForDeploymentPostprocessing = 0;
		};
/* End PBXSourcesBuildPhase section */

/* Begin PBXVariantGroup section */
		2CC6C7F421E87D5A00BB3171 /* Main.storyboard */ = {
			isa = PBXVariantGroup;
			children = (
				2CC6C7F521E87D5A00BB3171 /* Base */,
			);
			name = Main.storyboard;
			sourceTree = "<group>";
		};
		2CC6C7F921E87D5C00BB3171 /* LaunchScreen.storyboard */ = {
			isa = PBXVariantGroup;
			children = (
				2CC6C7FA21E87D5C00BB3171 /* Base */,
			);
			name = LaunchScreen.storyboard;
			sourceTree = "<group>";
		};
/* End PBXVariantGroup section */

/* Begin XCBuildConfiguration section */
		2CC6C7FD21E87D5C00BB3171 /* Debug */ = {
			isa = XCBuildConfiguration;
			buildSettings = {
				ALWAYS_SEARCH_USER_PATHS = NO;
				CLANG_ANALYZER_NONNULL = YES;
				CLANG_ANALYZER_NUMBER_OBJECT_CONVERSION = YES_AGGRESSIVE;
				CLANG_CXX_LANGUAGE_STANDARD = "gnu++14";
				CLANG_CXX_LIBRARY = "libc++";
				CLANG_ENABLE_MODULES = YES;
				CLANG_ENABLE_OBJC_ARC = YES;
				CLANG_ENABLE_OBJC_WEAK = YES;
				CLANG_WARN_BLOCK_CAPTURE_AUTORELEASING = YES;
				CLANG_WARN_BOOL_CONVERSION = YES;
				CLANG_WARN_COMMA = YES;
				CLANG_WARN_CONSTANT_CONVERSION = YES;
				CLANG_WARN_DEPRECATED_OBJC_IMPLEMENTATIONS = YES;
				CLANG_WARN_DIRECT_OBJC_ISA_USAGE = YES_ERROR;
				CLANG_WARN_DOCUMENTATION_COMMENTS = YES;
				CLANG_WARN_EMPTY_BODY = YES;
				CLANG_WARN_ENUM_CONVERSION = YES;
				CLANG_WARN_INFINITE_RECURSION = YES;
				CLANG_WARN_INT_CONVERSION = YES;
				CLANG_WARN_NON_LITERAL_NULL_CONVERSION = YES;
				CLANG_WARN_OBJC_IMPLICIT_RETAIN_SELF = YES;
				CLANG_WARN_OBJC_LITERAL_CONVERSION = YES;
				CLANG_WARN_OBJC_ROOT_CLASS = YES_ERROR;
				CLANG_WARN_RANGE_LOOP_ANALYSIS = YES;
				CLANG_WARN_STRICT_PROTOTYPES = YES;
				CLANG_WARN_SUSPICIOUS_MOVE = YES;
				CLANG_WARN_UNGUARDED_AVAILABILITY = YES_AGGRESSIVE;
				CLANG_WARN_UNREACHABLE_CODE = YES;
				CLANG_WARN__DUPLICATE_METHOD_MATCH = YES;
				CODE_SIGN_IDENTITY = "iPhone Developer";
				COPY_PHASE_STRIP = NO;
				DEBUG_INFORMATION_FORMAT = dwarf;
				ENABLE_STRICT_OBJC_MSGSEND = YES;
				ENABLE_TESTABILITY = YES;
				GCC_C_LANGUAGE_STANDARD = gnu11;
				GCC_DYNAMIC_NO_PIC = NO;
				GCC_NO_COMMON_BLOCKS = YES;
				GCC_OPTIMIZATION_LEVEL = 0;
				GCC_PREPROCESSOR_DEFINITIONS = (
					"DEBUG=1",
					"$(inherited)",
				);
				GCC_WARN_64_TO_32_BIT_CONVERSION = YES;
				GCC_WARN_ABOUT_RETURN_TYPE = YES_ERROR;
				GCC_WARN_UNDECLARED_SELECTOR = YES;
				GCC_WARN_UNINITIALIZED_AUTOS = YES_AGGRESSIVE;
				GCC_WARN_UNUSED_FUNCTION = YES;
				GCC_WARN_UNUSED_VARIABLE = YES;
				IPHONEOS_DEPLOYMENT_TARGET = 12.1;
				MTL_ENABLE_DEBUG_INFO = INCLUDE_SOURCE;
				MTL_FAST_MATH = YES;
				ONLY_ACTIVE_ARCH = YES;
				SDKROOT = iphoneos;
				SWIFT_ACTIVE_COMPILATION_CONDITIONS = DEBUG;
				SWIFT_OPTIMIZATION_LEVEL = "-Onone";
			};
			name = Debug;
		};
		2CC6C7FE21E87D5C00BB3171 /* Release */ = {
			isa = XCBuildConfiguration;
			buildSettings = {
				ALWAYS_SEARCH_USER_PATHS = NO;
				CLANG_ANALYZER_NONNULL = YES;
				CLANG_ANALYZER_NUMBER_OBJECT_CONVERSION = YES_AGGRESSIVE;
				CLANG_CXX_LANGUAGE_STANDARD = "gnu++14";
				CLANG_CXX_LIBRARY = "libc++";
				CLANG_ENABLE_MODULES = YES;
				CLANG_ENABLE_OBJC_ARC = YES;
				CLANG_ENABLE_OBJC_WEAK = YES;
				CLANG_WARN_BLOCK_CAPTURE_AUTORELEASING = YES;
				CLANG_WARN_BOOL_CONVERSION = YES;
				CLANG_WARN_COMMA = YES;
				CLANG_WARN_CONSTANT_CONVERSION = YES;
				CLANG_WARN_DEPRECATED_OBJC_IMPLEMENTATIONS = YES;
				CLANG_WARN_DIRECT_OBJC_ISA_USAGE = YES_ERROR;
				CLANG_WARN_DOCUMENTATION_COMMENTS = YES;
				CLANG_WARN_EMPTY_BODY = YES;
				CLANG_WARN_ENUM_CONVERSION = YES;
				CLANG_WARN_INFINITE_RECURSION = YES;
				CLANG_WARN_INT_CONVERSION = YES;
				CLANG_WARN_NON_LITERAL_NULL_CONVERSION = YES;
				CLANG_WARN_OBJC_IMPLICIT_RETAIN_SELF = YES;
				CLANG_WARN_OBJC_LITERAL_CONVERSION = YES;
				CLANG_WARN_OBJC_ROOT_CLASS = YES_ERROR;
				CLANG_WARN_RANGE_LOOP_ANALYSIS = YES;
				CLANG_WARN_STRICT_PROTOTYPES = YES;
				CLANG_WARN_SUSPICIOUS_MOVE = YES;
				CLANG_WARN_UNGUARDED_AVAILABILITY = YES_AGGRESSIVE;
				CLANG_WARN_UNREACHABLE_CODE = YES;
				CLANG_WARN__DUPLICATE_METHOD_MATCH = YES;
				CODE_SIGN_IDENTITY = "iPhone Developer";
				COPY_PHASE_STRIP = NO;
				DEBUG_INFORMATION_FORMAT = "dwarf-with-dsym";
				ENABLE_NS_ASSERTIONS = NO;
				ENABLE_STRICT_OBJC_MSGSEND = YES;
				GCC_C_LANGUAGE_STANDARD = gnu11;
				GCC_NO_COMMON_BLOCKS = YES;
				GCC_WARN_64_TO_32_BIT_CONVERSION = YES;
				GCC_WARN_ABOUT_RETURN_TYPE = YES_ERROR;
				GCC_WARN_UNDECLARED_SELECTOR = YES;
				GCC_WARN_UNINITIALIZED_AUTOS = YES_AGGRESSIVE;
				GCC_WARN_UNUSED_FUNCTION = YES;
				GCC_WARN_UNUSED_VARIABLE = YES;
				IPHONEOS_DEPLOYMENT_TARGET = 12.1;
				MTL_ENABLE_DEBUG_INFO = NO;
				MTL_FAST_MATH = YES;
				SDKROOT = iphoneos;
				SWIFT_COMPILATION_MODE = wholemodule;
				SWIFT_OPTIMIZATION_LEVEL = "-O";
				VALIDATE_PRODUCT = YES;
			};
			name = Release;
		};
		2CC6C80021E87D5C00BB3171 /* Debug */ = {
			isa = XCBuildConfiguration;
			buildSettings = {
				ASSETCATALOG_COMPILER_APPICON_NAME = AppIcon;
				CODE_SIGN_STYLE = Automatic;
				DEVELOPMENT_TEAM = R247WL96R8;
				INFOPLIST_FILE = OnboardingPrototype/Info.plist;
				LD_RUNPATH_SEARCH_PATHS = (
					"$(inherited)",
					"@executable_path/Frameworks",
				);
				PRODUCT_BUNDLE_IDENTIFIER = com.ag04.OnboardingPrototype;
				PRODUCT_NAME = "$(TARGET_NAME)";
				SWIFT_VERSION = 4.2;
				TARGETED_DEVICE_FAMILY = "1,2";
			};
			name = Debug;
		};
		2CC6C80121E87D5C00BB3171 /* Release */ = {
			isa = XCBuildConfiguration;
			buildSettings = {
				ASSETCATALOG_COMPILER_APPICON_NAME = AppIcon;
				CODE_SIGN_STYLE = Automatic;
				DEVELOPMENT_TEAM = R247WL96R8;
				INFOPLIST_FILE = OnboardingPrototype/Info.plist;
				LD_RUNPATH_SEARCH_PATHS = (
					"$(inherited)",
					"@executable_path/Frameworks",
				);
				PRODUCT_BUNDLE_IDENTIFIER = com.ag04.OnboardingPrototype;
				PRODUCT_NAME = "$(TARGET_NAME)";
				SWIFT_VERSION = 4.2;
				TARGETED_DEVICE_FAMILY = "1,2";
			};
			name = Release;
		};
/* End XCBuildConfiguration section */

/* Begin XCConfigurationList section */
		2CC6C7E821E87D5A00BB3171 /* Build configuration list for PBXProject "OnboardingPrototype" */ = {
			isa = XCConfigurationList;
			buildConfigurations = (
				2CC6C7FD21E87D5C00BB3171 /* Debug */,
				2CC6C7FE21E87D5C00BB3171 /* Release */,
			);
			defaultConfigurationIsVisible = 0;
			defaultConfigurationName = Release;
		};
		2CC6C7FF21E87D5C00BB3171 /* Build configuration list for PBXNativeTarget "OnboardingPrototype" */ = {
			isa = XCConfigurationList;
			buildConfigurations = (
				2CC6C80021E87D5C00BB3171 /* Debug */,
				2CC6C80121E87D5C00BB3171 /* Release */,
			);
			defaultConfigurationIsVisible = 0;
			defaultConfigurationName = Release;
		};
/* End XCConfigurationList section */
	};
	rootObject = 2CC6C7E521E87D5A00BB3171 /* Project object */;
}
